
Microsoft Visual Studio Solution File, Format Version 12.00
# Visual Studio Version 16
VisualStudioVersion = 16.0.31105.61
MinimumVisualStudioVersion = 10.0.40219.1
Project("{9A19103F-16F7-4668-BE54-9A1E7A4F7556}") = "tlrsCartonManager.Api", "tlrsCartonManager.Api\tlrsCartonManager.Api.csproj", "{5259EEBC-F684-4ABA-8DB2-5D9BC67E954A}"
EndProject
Project("{9A19103F-16F7-4668-BE54-9A1E7A4F7556}") = "tlrsCartonManager.DAL", "tlrsCartonManager.DAL\tlrsCartonManager.DAL.csproj", "{F22BC40A-FA8A-4B62-9ADB-41E2EFF9FFD2}"
EndProject
Project("{9A19103F-16F7-4668-BE54-9A1E7A4F7556}") = "tlrsCartonManager.Services", "tlrsCartonManager.Services\tlrsCartonManager.Services.csproj", "{AE94A39C-63D0-4941-B752-923B8402F563}"
EndProject
Project("{FAE04EC0-301F-11D3-BF4B-00C04F79EFBC}") = "tlrsCartonManager.Core", "tlrsCartonManager.Core\tlrsCartonManager.Core.csproj", "{B1CB26D4-2112-4CFD-A7CE-7CBDA18AF792}"
EndProject
Global
	GlobalSection(SolutionConfigurationPlatforms) = preSolution
		Debug|Any CPU = Debug|Any CPU
		Release|Any CPU = Release|Any CPU
	EndGlobalSection
	GlobalSection(ProjectConfigurationPlatforms) = postSolution
		{5259EEBC-F684-4ABA-8DB2-5D9BC67E954A}.Debug|Any CPU.ActiveCfg = Debug|Any CPU
		{5259EEBC-F684-4ABA-8DB2-5D9BC67E954A}.Debug|Any CPU.Build.0 = Debug|Any CPU
		{5259EEBC-F684-4ABA-8DB2-5D9BC67E954A}.Release|Any CPU.ActiveCfg = Release|Any CPU
		{5259EEBC-F684-4ABA-8DB2-5D9BC67E954A}.Release|Any CPU.Build.0 = Release|Any CPU
		{F22BC40A-FA8A-4B62-9ADB-41E2EFF9FFD2}.Debug|Any CPU.ActiveCfg = Debug|Any CPU
		{F22BC40A-FA8A-4B62-9ADB-41E2EFF9FFD2}.Debug|Any CPU.Build.0 = Debug|Any CPU
		{F22BC40A-FA8A-4B62-9ADB-41E2EFF9FFD2}.Release|Any CPU.ActiveCfg = Release|Any CPU
		{F22BC40A-FA8A-4B62-9ADB-41E2EFF9FFD2}.Release|Any CPU.Build.0 = Release|Any CPU
		{AE94A39C-63D0-4941-B752-923B8402F563}.Debug|Any CPU.ActiveCfg = Debug|Any CPU
		{AE94A39C-63D0-4941-B752-923B8402F563}.Debug|Any CPU.Build.0 = Debug|Any CPU
		{AE94A39C-63D0-4941-B752-923B8402F563}.Release|Any CPU.ActiveCfg = Release|Any CPU
		{AE94A39C-63D0-4941-B752-923B8402F563}.Release|Any CPU.Build.0 = Release|Any CPU
		{B1CB26D4-2112-4CFD-A7CE-7CBDA18AF792}.Debug|Any CPU.ActiveCfg = Debug|Any CPU
		{B1CB26D4-2112-4CFD-A7CE-7CBDA18AF792}.Debug|Any CPU.Build.0 = Debug|Any CPU
		{B1CB26D4-2112-4CFD-A7CE-7CBDA18AF792}.Release|Any CPU.ActiveCfg = Release|Any CPU
		{B1CB26D4-2112-4CFD-A7CE-7CBDA18AF792}.Release|Any CPU.Build.0 = Release|Any CPU
	EndGlobalSection
	GlobalSection(SolutionProperties) = preSolution
		HideSolutionNode = FALSE
	EndGlobalSection
	GlobalSection(ExtensibilityGlobals) = postSolution
		SolutionGuid = {3ABFFE7A-9446-437A-BBAF-78CAE5D23078}
	EndGlobalSection
EndGlobal
